
Microsoft Visual Studio Solution File, Format Version 12.00
# Visual Studio Version 17
VisualStudioVersion = 17.0.31903.59
MinimumVisualStudioVersion = 10.0.40219.1
Project("{9A19103F-16F7-4668-BE54-9A1E7A4F7556}") = "Api.Web", "Api.Web\Api.Web.csproj", "{43ABA8FE-23A6-4431-9C45-0E9312CB8BA4}"
	ProjectSection(ProjectDependencies) = postProject
		{1A77A124-A251-400C-98E5-0F5BBF1503BB} = {1A77A124-A251-400C-98E5-0F5BBF1503BB}
		{892DC846-95DD-48FE-828C-A66BFD2B6E75} = {892DC846-95DD-48FE-828C-A66BFD2B6E75}
		{F091B3E0-9FD4-411B-9425-06AA60E550D2} = {F091B3E0-9FD4-411B-9425-06AA60E550D2}
	EndProjectSection
EndProject
Project("{2150E333-8FDC-42A3-9474-1A3956D46DE8}") = "3 Frameworks", "3 Frameworks", "{D019D20E-E030-40CA-8DD2-FD1ECE0271BC}"
EndProject
Project("{2150E333-8FDC-42A3-9474-1A3956D46DE8}") = "2 UseCases", "2 UseCases", "{8252A176-74DC-4770-B573-267FCEFE631C}"
EndProject
Project("{9A19103F-16F7-4668-BE54-9A1E7A4F7556}") = "DataAccess.Interfaces", "DataAccess.Interfaces\DataAccess.Interfaces.csproj", "{F091B3E0-9FD4-411B-9425-06AA60E550D2}"
	ProjectSection(ProjectDependencies) = postProject
		{1A77A124-A251-400C-98E5-0F5BBF1503BB} = {1A77A124-A251-400C-98E5-0F5BBF1503BB}
	EndProjectSection
EndProject
Project("{9A19103F-16F7-4668-BE54-9A1E7A4F7556}") = "DataAccess.EfCore", "DataAccess.EfCore\DataAccess.EfCore.csproj", "{892DC846-95DD-48FE-828C-A66BFD2B6E75}"
	ProjectSection(ProjectDependencies) = postProject
		{1A77A124-A251-400C-98E5-0F5BBF1503BB} = {1A77A124-A251-400C-98E5-0F5BBF1503BB}
	EndProjectSection
EndProject
Project("{2150E333-8FDC-42A3-9474-1A3956D46DE8}") = "Tests", "Tests", "{DA93D38B-60AE-424E-BFE7-6BA43A3A06FE}"
EndProject
Project("{2150E333-8FDC-42A3-9474-1A3956D46DE8}") = "1 Domain", "1 Domain", "{3ABCCAD6-9861-4604-928C-DEF06AB277D0}"
EndProject
Project("{9A19103F-16F7-4668-BE54-9A1E7A4F7556}") = "Domain.Core", "Domain.Core\Domain.Core.csproj", "{1A77A124-A251-400C-98E5-0F5BBF1503BB}"
EndProject
Project("{2150E333-8FDC-42A3-9474-1A3956D46DE8}") = "0 Shared", "0 Shared", "{CF568783-D087-4A16-B8B7-BF37897BEA1D}"
EndProject
Project("{9A19103F-16F7-4668-BE54-9A1E7A4F7556}") = "Utils", "Utils\Utils.csproj", "{7888252E-CC51-40EF-8ACA-142EA6CFB04B}"
EndProject
Project("{9A19103F-16F7-4668-BE54-9A1E7A4F7556}") = "BackgroundsJobs.Interfaces", "BackgroundsJobs.Interfaces\BackgroundsJobs.Interfaces.csproj", "{B640CE43-8BEA-4658-858B-77E4515D1EE5}"
EndProject
Project("{9A19103F-16F7-4668-BE54-9A1E7A4F7556}") = "BackGroundJob.UseCase", "BackGroundJob.UseCase\BackGroundJob.UseCase.csproj", "{7E154439-A608-407F-BBE4-CFE86B45C3AA}"
EndProject
Project("{FAE04EC0-301F-11D3-BF4B-00C04F79EFBC}") = "Test.Unit", "Test.Unit\Test.Unit.csproj", "{153BDCF0-74A8-478C-A04E-29103D3AA3D4}"
EndProject
Global
	GlobalSection(SolutionConfigurationPlatforms) = preSolution
		Debug|Any CPU = Debug|Any CPU
		Release|Any CPU = Release|Any CPU
	EndGlobalSection
	GlobalSection(ProjectConfigurationPlatforms) = postSolution
		{43ABA8FE-23A6-4431-9C45-0E9312CB8BA4}.Debug|Any CPU.ActiveCfg = Debug|Any CPU
		{43ABA8FE-23A6-4431-9C45-0E9312CB8BA4}.Debug|Any CPU.Build.0 = Debug|Any CPU
		{43ABA8FE-23A6-4431-9C45-0E9312CB8BA4}.Release|Any CPU.ActiveCfg = Release|Any CPU
		{43ABA8FE-23A6-4431-9C45-0E9312CB8BA4}.Release|Any CPU.Build.0 = Release|Any CPU
		{F091B3E0-9FD4-411B-9425-06AA60E550D2}.Debug|Any CPU.ActiveCfg = Debug|Any CPU
		{F091B3E0-9FD4-411B-9425-06AA60E550D2}.Debug|Any CPU.Build.0 = Debug|Any CPU
		{F091B3E0-9FD4-411B-9425-06AA60E550D2}.Release|Any CPU.ActiveCfg = Release|Any CPU
		{F091B3E0-9FD4-411B-9425-06AA60E550D2}.Release|Any CPU.Build.0 = Release|Any CPU
		{892DC846-95DD-48FE-828C-A66BFD2B6E75}.Debug|Any CPU.ActiveCfg = Debug|Any CPU
		{892DC846-95DD-48FE-828C-A66BFD2B6E75}.Debug|Any CPU.Build.0 = Debug|Any CPU
		{892DC846-95DD-48FE-828C-A66BFD2B6E75}.Release|Any CPU.ActiveCfg = Release|Any CPU
		{892DC846-95DD-48FE-828C-A66BFD2B6E75}.Release|Any CPU.Build.0 = Release|Any CPU
		{1A77A124-A251-400C-98E5-0F5BBF1503BB}.Debug|Any CPU.ActiveCfg = Debug|Any CPU
		{1A77A124-A251-400C-98E5-0F5BBF1503BB}.Debug|Any CPU.Build.0 = Debug|Any CPU
		{1A77A124-A251-400C-98E5-0F5BBF1503BB}.Release|Any CPU.ActiveCfg = Release|Any CPU
		{1A77A124-A251-400C-98E5-0F5BBF1503BB}.Release|Any CPU.Build.0 = Release|Any CPU
		{7888252E-CC51-40EF-8ACA-142EA6CFB04B}.Debug|Any CPU.ActiveCfg = Debug|Any CPU
		{7888252E-CC51-40EF-8ACA-142EA6CFB04B}.Debug|Any CPU.Build.0 = Debug|Any CPU
		{7888252E-CC51-40EF-8ACA-142EA6CFB04B}.Release|Any CPU.ActiveCfg = Release|Any CPU
		{7888252E-CC51-40EF-8ACA-142EA6CFB04B}.Release|Any CPU.Build.0 = Release|Any CPU
		{B640CE43-8BEA-4658-858B-77E4515D1EE5}.Debug|Any CPU.ActiveCfg = Debug|Any CPU
		{B640CE43-8BEA-4658-858B-77E4515D1EE5}.Debug|Any CPU.Build.0 = Debug|Any CPU
		{B640CE43-8BEA-4658-858B-77E4515D1EE5}.Release|Any CPU.ActiveCfg = Release|Any CPU
		{B640CE43-8BEA-4658-858B-77E4515D1EE5}.Release|Any CPU.Build.0 = Release|Any CPU
		{7E154439-A608-407F-BBE4-CFE86B45C3AA}.Debug|Any CPU.ActiveCfg = Debug|Any CPU
		{7E154439-A608-407F-BBE4-CFE86B45C3AA}.Debug|Any CPU.Build.0 = Debug|Any CPU
		{7E154439-A608-407F-BBE4-CFE86B45C3AA}.Release|Any CPU.ActiveCfg = Release|Any CPU
		{7E154439-A608-407F-BBE4-CFE86B45C3AA}.Release|Any CPU.Build.0 = Release|Any CPU
		{153BDCF0-74A8-478C-A04E-29103D3AA3D4}.Debug|Any CPU.ActiveCfg = Debug|Any CPU
		{153BDCF0-74A8-478C-A04E-29103D3AA3D4}.Debug|Any CPU.Build.0 = Debug|Any CPU
		{153BDCF0-74A8-478C-A04E-29103D3AA3D4}.Release|Any CPU.ActiveCfg = Release|Any CPU
		{153BDCF0-74A8-478C-A04E-29103D3AA3D4}.Release|Any CPU.Build.0 = Release|Any CPU
	EndGlobalSection
	GlobalSection(SolutionProperties) = preSolution
		HideSolutionNode = FALSE
	EndGlobalSection
	GlobalSection(NestedProjects) = preSolution
		{43ABA8FE-23A6-4431-9C45-0E9312CB8BA4} = {D019D20E-E030-40CA-8DD2-FD1ECE0271BC}
		{F091B3E0-9FD4-411B-9425-06AA60E550D2} = {8252A176-74DC-4770-B573-267FCEFE631C}
		{892DC846-95DD-48FE-828C-A66BFD2B6E75} = {D019D20E-E030-40CA-8DD2-FD1ECE0271BC}
		{1A77A124-A251-400C-98E5-0F5BBF1503BB} = {3ABCCAD6-9861-4604-928C-DEF06AB277D0}
		{7888252E-CC51-40EF-8ACA-142EA6CFB04B} = {CF568783-D087-4A16-B8B7-BF37897BEA1D}
		{B640CE43-8BEA-4658-858B-77E4515D1EE5} = {8252A176-74DC-4770-B573-267FCEFE631C}
		{7E154439-A608-407F-BBE4-CFE86B45C3AA} = {8252A176-74DC-4770-B573-267FCEFE631C}
		{153BDCF0-74A8-478C-A04E-29103D3AA3D4} = {DA93D38B-60AE-424E-BFE7-6BA43A3A06FE}
	EndGlobalSection
	GlobalSection(ExtensibilityGlobals) = postSolution
		SolutionGuid = {DE4B6A9D-21AA-4755-8A1D-656A747B530D}
	EndGlobalSection
EndGlobal
