
Microsoft Visual Studio Solution File, Format Version 12.00
Project("{2150E333-8FDC-42A3-9474-1A3956D46DE8}") = "Api", "Api", "{F2CAB78C-3DC3-4353-922E-A21BCB91261B}"
EndProject
Project("{FAE04EC0-301F-11D3-BF4B-00C04F79EFBC}") = "Api.Web", "Api.Web\Api.Web.csproj", "{43ABA8FE-23A6-4431-9C45-0E9312CB8BA4}"
EndProject
Global
	GlobalSection(SolutionConfigurationPlatforms) = preSolution
		Debug|Any CPU = Debug|Any CPU
		Release|Any CPU = Release|Any CPU
	EndGlobalSection
	GlobalSection(NestedProjects) = preSolution
		{43ABA8FE-23A6-4431-9C45-0E9312CB8BA4} = {F2CAB78C-3DC3-4353-922E-A21BCB91261B}
	EndGlobalSection
	GlobalSection(ProjectConfigurationPlatforms) = postSolution
		{43ABA8FE-23A6-4431-9C45-0E9312CB8BA4}.Debug|Any CPU.ActiveCfg = Debug|Any CPU
		{43ABA8FE-23A6-4431-9C45-0E9312CB8BA4}.Debug|Any CPU.Build.0 = Debug|Any CPU
		{43ABA8FE-23A6-4431-9C45-0E9312CB8BA4}.Release|Any CPU.ActiveCfg = Release|Any CPU
		{43ABA8FE-23A6-4431-9C45-0E9312CB8BA4}.Release|Any CPU.Build.0 = Release|Any CPU
	EndGlobalSection
EndGlobal
